
Microsoft Visual Studio Solution File, Format Version 12.00
# Visual Studio Version 17
VisualStudioVersion = 17.8.34330.188
MinimumVisualStudioVersion = 10.0.40219.1
Project("{FAE04EC0-301F-11D3-BF4B-00C04F79EFBC}") = "SozlarJadvali", "SozlarJadvali\SozlarJadvali.csproj", "{BB47E7C0-BF66-4B3E-8120-52E93EF3A0A3}"
EndProject
Global
	GlobalSection(SolutionConfigurationPlatforms) = preSolution
		Debug|Any CPU = Debug|Any CPU
		Release|Any CPU = Release|Any CPU
	EndGlobalSection
	GlobalSection(ProjectConfigurationPlatforms) = postSolution
		{BB47E7C0-BF66-4B3E-8120-52E93EF3A0A3}.Debug|Any CPU.ActiveCfg = Debug|Any CPU
		{BB47E7C0-BF66-4B3E-8120-52E93EF3A0A3}.Debug|Any CPU.Build.0 = Debug|Any CPU
		{BB47E7C0-BF66-4B3E-8120-52E93EF3A0A3}.Release|Any CPU.ActiveCfg = Release|Any CPU
		{BB47E7C0-BF66-4B3E-8120-52E93EF3A0A3}.Release|Any CPU.Build.0 = Release|Any CPU
	EndGlobalSection
	GlobalSection(SolutionProperties) = preSolution
		HideSolutionNode = FALSE
	EndGlobalSection
	GlobalSection(ExtensibilityGlobals) = postSolution
		SolutionGuid = {B0FF6518-A73D-4EB0-B8B7-E7E6B901AC35}
	EndGlobalSection
EndGlobal
